// !$*UTF8*$!
{
	archiveVersion = 1;
	classes = {
	};
	objectVersion = 50;
	objects = {

/* Begin PBXBuildFile section */
		7800935522EA4278003857DD /* AppDelegate.swift in Sources */ = {isa = PBXBuildFile; fileRef = 7800935422EA4278003857DD /* AppDelegate.swift */; };
		7800935722EA4278003857DD /* MenuViewController.swift in Sources */ = {isa = PBXBuildFile; fileRef = 7800935622EA4278003857DD /* MenuViewController.swift */; };
		7800935A22EA4278003857DD /* Main.storyboard in Resources */ = {isa = PBXBuildFile; fileRef = 7800935822EA4278003857DD /* Main.storyboard */; };
		7800935C22EA427B003857DD /* Assets.xcassets in Resources */ = {isa = PBXBuildFile; fileRef = 7800935B22EA427B003857DD /* Assets.xcassets */; };
		7800935F22EA427B003857DD /* LaunchScreen.storyboard in Resources */ = {isa = PBXBuildFile; fileRef = 7800935D22EA427B003857DD /* LaunchScreen.storyboard */; };
		7800936B22EA43CB003857DD /* closeness in Resources */ = {isa = PBXBuildFile; fileRef = 7800936A22EA43CB003857DD /* closeness */; };
		7800936D22EA47CB003857DD /* FormViewController.swift in Sources */ = {isa = PBXBuildFile; fileRef = 7800936C22EA47CB003857DD /* FormViewController.swift */; };
		783F5E4A22EB9A3000ECCDE9 /* UIViewController+LoadingView.swift in Sources */ = {isa = PBXBuildFile; fileRef = 783F5E4922EB9A3000ECCDE9 /* UIViewController+LoadingView.swift */; };
		783F5E4C22EB9C7200ECCDE9 /* Lottie.framework in Frameworks */ = {isa = PBXBuildFile; fileRef = 783F5E4B22EB9C7200ECCDE9 /* Lottie.framework */; };
		783F5E4D22EB9C7200ECCDE9 /* Lottie.framework in Embed Frameworks */ = {isa = PBXBuildFile; fileRef = 783F5E4B22EB9C7200ECCDE9 /* Lottie.framework */; settings = {ATTRIBUTES = (CodeSignOnCopy, RemoveHeadersOnCopy, ); }; };
		783F5E4F22EB9C9C00ECCDE9 /* SwiftyBeaver.framework in Frameworks */ = {isa = PBXBuildFile; fileRef = 783F5E4E22EB9C9C00ECCDE9 /* SwiftyBeaver.framework */; };
		783F5E5022EB9C9C00ECCDE9 /* SwiftyBeaver.framework in Embed Frameworks */ = {isa = PBXBuildFile; fileRef = 783F5E4E22EB9C9C00ECCDE9 /* SwiftyBeaver.framework */; settings = {ATTRIBUTES = (CodeSignOnCopy, RemoveHeadersOnCopy, ); }; };
		783F5E5422EB9D6400ECCDE9 /* LoadingView.swift in Sources */ = {isa = PBXBuildFile; fileRef = 783F5E5322EB9D6400ECCDE9 /* LoadingView.swift */; };
		783F5E5622EB9DE700ECCDE9 /* LoadingView.xib in Resources */ = {isa = PBXBuildFile; fileRef = 783F5E5522EB9DE700ECCDE9 /* LoadingView.xib */; };
		783F5E5922EBA0E200ECCDE9 /* loading.json in Resources */ = {isa = PBXBuildFile; fileRef = 783F5E5822EBA0E100ECCDE9 /* loading.json */; };
		784BA81D22ED38350010239C /* FormPresenter.swift in Sources */ = {isa = PBXBuildFile; fileRef = 784BA81C22ED38350010239C /* FormPresenter.swift */; };
		784BA82022EDE31D0010239C /* XibView.swift in Sources */ = {isa = PBXBuildFile; fileRef = 784BA81F22EDE31D0010239C /* XibView.swift */; };
		784BA82222EDE3870010239C /* TemplateFormView.swift in Sources */ = {isa = PBXBuildFile; fileRef = 784BA82122EDE3870010239C /* TemplateFormView.swift */; };
		784BA82422EDE3AA0010239C /* TemplateFormView.xib in Resources */ = {isa = PBXBuildFile; fileRef = 784BA82322EDE3AA0010239C /* TemplateFormView.xib */; };
		784BA82622EE41E50010239C /* AlamofireImage.framework in Frameworks */ = {isa = PBXBuildFile; fileRef = 784BA82522EE41E50010239C /* AlamofireImage.framework */; };
		784BA82722EE41E50010239C /* AlamofireImage.framework in Embed Frameworks */ = {isa = PBXBuildFile; fileRef = 784BA82522EE41E50010239C /* AlamofireImage.framework */; settings = {ATTRIBUTES = (CodeSignOnCopy, RemoveHeadersOnCopy, ); }; };
		7882DA1222EB7643007632BE /* Alamofire.framework in Frameworks */ = {isa = PBXBuildFile; fileRef = 7882DA1122EB7643007632BE /* Alamofire.framework */; };
		7882DA1422EB7648007632BE /* Alamofire.framework in Embed Frameworks */ = {isa = PBXBuildFile; fileRef = 7882DA1122EB7643007632BE /* Alamofire.framework */; settings = {ATTRIBUTES = (CodeSignOnCopy, RemoveHeadersOnCopy, ); }; };
		7882DA1722EB7687007632BE /* MemeService.swift in Sources */ = {isa = PBXBuildFile; fileRef = 7882DA1622EB7687007632BE /* MemeService.swift */; };
		788A560A22EB6A740009E2F7 /* MemeTemplate.swift in Sources */ = {isa = PBXBuildFile; fileRef = 788A560922EB6A740009E2F7 /* MemeTemplate.swift */; };
		788A560C22EB6B700009E2F7 /* HTTPCaptionImage.swift in Sources */ = {isa = PBXBuildFile; fileRef = 788A560B22EB6B700009E2F7 /* HTTPCaptionImage.swift */; };
		788A560E22EB6D700009E2F7 /* HTTPGetMemes.swift in Sources */ = {isa = PBXBuildFile; fileRef = 788A560D22EB6D700009E2F7 /* HTTPGetMemes.swift */; };
		78A4373722EF8C9300F84429 /* BoxFormView.swift in Sources */ = {isa = PBXBuildFile; fileRef = 78A4373622EF8C9300F84429 /* BoxFormView.swift */; };
		78A4373922EF8CDB00F84429 /* BoxFormView.xib in Resources */ = {isa = PBXBuildFile; fileRef = 78A4373822EF8CDB00F84429 /* BoxFormView.xib */; };
		78A4373B22EF8DBD00F84429 /* BoxCell.swift in Sources */ = {isa = PBXBuildFile; fileRef = 78A4373A22EF8DBD00F84429 /* BoxCell.swift */; };
		78A4373E22EF922200F84429 /* BoxCell.xib in Resources */ = {isa = PBXBuildFile; fileRef = 78A4373D22EF922200F84429 /* BoxCell.xib */; };
		78B680CA22EB775A00347C34 /* MemeServiceProtocol.swift in Sources */ = {isa = PBXBuildFile; fileRef = 78B680C922EB775A00347C34 /* MemeServiceProtocol.swift */; };
		78B680CD22EB7C5800347C34 /* SwiftyBeaver.swift in Sources */ = {isa = PBXBuildFile; fileRef = 78B680CC22EB7C5800347C34 /* SwiftyBeaver.swift */; };
/* End PBXBuildFile section */

/* Begin PBXCopyFilesBuildPhase section */
		7882DA1522EB7648007632BE /* Embed Frameworks */ = {
			isa = PBXCopyFilesBuildPhase;
			buildActionMask = 2147483647;
			dstPath = "";
			dstSubfolderSpec = 10;
			files = (
				7882DA1422EB7648007632BE /* Alamofire.framework in Embed Frameworks */,
				783F5E5022EB9C9C00ECCDE9 /* SwiftyBeaver.framework in Embed Frameworks */,
				783F5E4D22EB9C7200ECCDE9 /* Lottie.framework in Embed Frameworks */,
				784BA82722EE41E50010239C /* AlamofireImage.framework in Embed Frameworks */,
			);
			name = "Embed Frameworks";
			runOnlyForDeploymentPostprocessing = 0;
		};
/* End PBXCopyFilesBuildPhase section */

/* Begin PBXFileReference section */
		7800935122EA4278003857DD /* MemeGenerator.app */ = {isa = PBXFileReference; explicitFileType = wrapper.application; includeInIndex = 0; path = MemeGenerator.app; sourceTree = BUILT_PRODUCTS_DIR; };
		7800935422EA4278003857DD /* AppDelegate.swift */ = {isa = PBXFileReference; lastKnownFileType = sourcecode.swift; path = AppDelegate.swift; sourceTree = "<group>"; };
		7800935622EA4278003857DD /* MenuViewController.swift */ = {isa = PBXFileReference; lastKnownFileType = sourcecode.swift; path = MenuViewController.swift; sourceTree = "<group>"; };
		7800935922EA4278003857DD /* Base */ = {isa = PBXFileReference; lastKnownFileType = file.storyboard; name = Base; path = Base.lproj/Main.storyboard; sourceTree = "<group>"; };
		7800935B22EA427B003857DD /* Assets.xcassets */ = {isa = PBXFileReference; lastKnownFileType = folder.assetcatalog; path = Assets.xcassets; sourceTree = "<group>"; };
		7800935E22EA427B003857DD /* Base */ = {isa = PBXFileReference; lastKnownFileType = file.storyboard; name = Base; path = Base.lproj/LaunchScreen.storyboard; sourceTree = "<group>"; };
		7800936022EA427B003857DD /* Info.plist */ = {isa = PBXFileReference; lastKnownFileType = text.plist.xml; path = Info.plist; sourceTree = "<group>"; };
		7800936A22EA43CB003857DD /* closeness */ = {isa = PBXFileReference; lastKnownFileType = folder; path = closeness; sourceTree = "<group>"; };
		7800936C22EA47CB003857DD /* FormViewController.swift */ = {isa = PBXFileReference; lastKnownFileType = sourcecode.swift; path = FormViewController.swift; sourceTree = "<group>"; };
		783F5E4922EB9A3000ECCDE9 /* UIViewController+LoadingView.swift */ = {isa = PBXFileReference; lastKnownFileType = sourcecode.swift; path = "UIViewController+LoadingView.swift"; sourceTree = "<group>"; };
		783F5E4B22EB9C7200ECCDE9 /* Lottie.framework */ = {isa = PBXFileReference; lastKnownFileType = wrapper.framework; name = Lottie.framework; path = Carthage/Build/iOS/Lottie.framework; sourceTree = "<group>"; };
		783F5E4E22EB9C9C00ECCDE9 /* SwiftyBeaver.framework */ = {isa = PBXFileReference; lastKnownFileType = wrapper.framework; name = SwiftyBeaver.framework; path = Carthage/Build/iOS/SwiftyBeaver.framework; sourceTree = "<group>"; };
		783F5E5322EB9D6400ECCDE9 /* LoadingView.swift */ = {isa = PBXFileReference; lastKnownFileType = sourcecode.swift; path = LoadingView.swift; sourceTree = "<group>"; };
		783F5E5522EB9DE700ECCDE9 /* LoadingView.xib */ = {isa = PBXFileReference; lastKnownFileType = file.xib; path = LoadingView.xib; sourceTree = "<group>"; };
		783F5E5822EBA0E100ECCDE9 /* loading.json */ = {isa = PBXFileReference; fileEncoding = 4; lastKnownFileType = text.json; path = loading.json; sourceTree = "<group>"; };
		784BA81C22ED38350010239C /* FormPresenter.swift */ = {isa = PBXFileReference; lastKnownFileType = sourcecode.swift; path = FormPresenter.swift; sourceTree = "<group>"; };
		784BA81F22EDE31D0010239C /* XibView.swift */ = {isa = PBXFileReference; lastKnownFileType = sourcecode.swift; path = XibView.swift; sourceTree = "<group>"; };
		784BA82122EDE3870010239C /* TemplateFormView.swift */ = {isa = PBXFileReference; lastKnownFileType = sourcecode.swift; path = TemplateFormView.swift; sourceTree = "<group>"; };
		784BA82322EDE3AA0010239C /* TemplateFormView.xib */ = {isa = PBXFileReference; lastKnownFileType = file.xib; path = TemplateFormView.xib; sourceTree = "<group>"; };
		784BA82522EE41E50010239C /* AlamofireImage.framework */ = {isa = PBXFileReference; lastKnownFileType = wrapper.framework; name = AlamofireImage.framework; path = Carthage/Build/iOS/AlamofireImage.framework; sourceTree = "<group>"; };
		7882DA1122EB7643007632BE /* Alamofire.framework */ = {isa = PBXFileReference; lastKnownFileType = wrapper.framework; name = Alamofire.framework; path = Carthage/Build/iOS/Alamofire.framework; sourceTree = "<group>"; };
		7882DA1622EB7687007632BE /* MemeService.swift */ = {isa = PBXFileReference; lastKnownFileType = sourcecode.swift; path = MemeService.swift; sourceTree = "<group>"; };
		788A560922EB6A740009E2F7 /* MemeTemplate.swift */ = {isa = PBXFileReference; lastKnownFileType = sourcecode.swift; path = MemeTemplate.swift; sourceTree = "<group>"; };
		788A560B22EB6B700009E2F7 /* HTTPCaptionImage.swift */ = {isa = PBXFileReference; lastKnownFileType = sourcecode.swift; path = HTTPCaptionImage.swift; sourceTree = "<group>"; };
		788A560D22EB6D700009E2F7 /* HTTPGetMemes.swift */ = {isa = PBXFileReference; lastKnownFileType = sourcecode.swift; path = HTTPGetMemes.swift; sourceTree = "<group>"; };
		78A4373622EF8C9300F84429 /* BoxFormView.swift */ = {isa = PBXFileReference; lastKnownFileType = sourcecode.swift; path = BoxFormView.swift; sourceTree = "<group>"; };
		78A4373822EF8CDB00F84429 /* BoxFormView.xib */ = {isa = PBXFileReference; lastKnownFileType = file.xib; path = BoxFormView.xib; sourceTree = "<group>"; };
		78A4373A22EF8DBD00F84429 /* BoxCell.swift */ = {isa = PBXFileReference; lastKnownFileType = sourcecode.swift; path = BoxCell.swift; sourceTree = "<group>"; };
		78A4373D22EF922200F84429 /* BoxCell.xib */ = {isa = PBXFileReference; lastKnownFileType = file.xib; path = BoxCell.xib; sourceTree = "<group>"; };
		78B680C922EB775A00347C34 /* MemeServiceProtocol.swift */ = {isa = PBXFileReference; lastKnownFileType = sourcecode.swift; path = MemeServiceProtocol.swift; sourceTree = "<group>"; };
		78B680CC22EB7C5800347C34 /* SwiftyBeaver.swift */ = {isa = PBXFileReference; lastKnownFileType = sourcecode.swift; path = SwiftyBeaver.swift; sourceTree = "<group>"; };
/* End PBXFileReference section */

/* Begin PBXFrameworksBuildPhase section */
		7800934E22EA4278003857DD /* Frameworks */ = {
			isa = PBXFrameworksBuildPhase;
			buildActionMask = 2147483647;
			files = (
				7882DA1222EB7643007632BE /* Alamofire.framework in Frameworks */,
				783F5E4F22EB9C9C00ECCDE9 /* SwiftyBeaver.framework in Frameworks */,
				783F5E4C22EB9C7200ECCDE9 /* Lottie.framework in Frameworks */,
				784BA82622EE41E50010239C /* AlamofireImage.framework in Frameworks */,
			);
			runOnlyForDeploymentPostprocessing = 0;
		};
/* End PBXFrameworksBuildPhase section */

/* Begin PBXGroup section */
		7800934822EA4278003857DD = {
			isa = PBXGroup;
			children = (
				784BA82522EE41E50010239C /* AlamofireImage.framework */,
				783F5E4E22EB9C9C00ECCDE9 /* SwiftyBeaver.framework */,
				783F5E4B22EB9C7200ECCDE9 /* Lottie.framework */,
				7800935322EA4278003857DD /* MemeGenerator */,
				7800935222EA4278003857DD /* Products */,
				7882DA1022EB7643007632BE /* Frameworks */,
			);
			sourceTree = "<group>";
		};
		7800935222EA4278003857DD /* Products */ = {
			isa = PBXGroup;
			children = (
				7800935122EA4278003857DD /* MemeGenerator.app */,
			);
			name = Products;
			sourceTree = "<group>";
		};
		7800935322EA4278003857DD /* MemeGenerator */ = {
			isa = PBXGroup;
			children = (
				784BA81B22ED38270010239C /* Presenter */,
				783F5E5722EB9FE800ECCDE9 /* Lotties */,
				783F5E5122EB9D4B00ECCDE9 /* View */,
				78B680CB22EB7C4400347C34 /* Extensions */,
				788A560822EB6A600009E2F7 /* Model */,
				7800936E22EA4815003857DD /* Service */,
				7800936922EA4304003857DD /* Fonts */,
				7800936822EA42A6003857DD /* Controller */,
				7800936722EA4299003857DD /* Storyboards */,
				7800936622EA428A003857DD /* SupportFiles */,
				7800936022EA427B003857DD /* Info.plist */,
			);
			path = MemeGenerator;
			sourceTree = "<group>";
		};
		7800936622EA428A003857DD /* SupportFiles */ = {
			isa = PBXGroup;
			children = (
				7800935B22EA427B003857DD /* Assets.xcassets */,
				7800935422EA4278003857DD /* AppDelegate.swift */,
			);
			path = SupportFiles;
			sourceTree = "<group>";
		};
		7800936722EA4299003857DD /* Storyboards */ = {
			isa = PBXGroup;
			children = (
				7800935D22EA427B003857DD /* LaunchScreen.storyboard */,
				7800935822EA4278003857DD /* Main.storyboard */,
			);
			path = Storyboards;
			sourceTree = "<group>";
		};
		7800936822EA42A6003857DD /* Controller */ = {
			isa = PBXGroup;
			children = (
				7800935622EA4278003857DD /* MenuViewController.swift */,
				7800936C22EA47CB003857DD /* FormViewController.swift */,
			);
			path = Controller;
			sourceTree = "<group>";
		};
		7800936922EA4304003857DD /* Fonts */ = {
			isa = PBXGroup;
			children = (
				7800936A22EA43CB003857DD /* closeness */,
			);
			path = Fonts;
			sourceTree = "<group>";
		};
		7800936E22EA4815003857DD /* Service */ = {
			isa = PBXGroup;
			children = (
				7882DA1622EB7687007632BE /* MemeService.swift */,
				78B680C922EB775A00347C34 /* MemeServiceProtocol.swift */,
			);
			path = Service;
			sourceTree = "<group>";
		};
		783F5E5122EB9D4B00ECCDE9 /* View */ = {
			isa = PBXGroup;
			children = (
				78A4373522EF8C4E00F84429 /* BoxFormView */,
				784BA81F22EDE31D0010239C /* XibView.swift */,
				784BA81E22EDE3020010239C /* TemplateFormView */,
				783F5E5222EB9D5900ECCDE9 /* LoadingView */,
			);
			path = View;
			sourceTree = "<group>";
		};
		783F5E5222EB9D5900ECCDE9 /* LoadingView */ = {
			isa = PBXGroup;
			children = (
				783F5E5322EB9D6400ECCDE9 /* LoadingView.swift */,
				783F5E5522EB9DE700ECCDE9 /* LoadingView.xib */,
			);
			path = LoadingView;
			sourceTree = "<group>";
		};
		783F5E5722EB9FE800ECCDE9 /* Lotties */ = {
			isa = PBXGroup;
			children = (
				783F5E5822EBA0E100ECCDE9 /* loading.json */,
			);
			path = Lotties;
			sourceTree = "<group>";
		};
		784BA81B22ED38270010239C /* Presenter */ = {
			isa = PBXGroup;
			children = (
				784BA81C22ED38350010239C /* FormPresenter.swift */,
			);
			path = Presenter;
			sourceTree = "<group>";
		};
		784BA81E22EDE3020010239C /* TemplateFormView */ = {
			isa = PBXGroup;
			children = (
				784BA82122EDE3870010239C /* TemplateFormView.swift */,
				784BA82322EDE3AA0010239C /* TemplateFormView.xib */,
			);
			path = TemplateFormView;
			sourceTree = "<group>";
		};
		7882DA1022EB7643007632BE /* Frameworks */ = {
			isa = PBXGroup;
			children = (
				7882DA1122EB7643007632BE /* Alamofire.framework */,
			);
			name = Frameworks;
			sourceTree = "<group>";
		};
		788A560822EB6A600009E2F7 /* Model */ = {
			isa = PBXGroup;
			children = (
				788A560922EB6A740009E2F7 /* MemeTemplate.swift */,
				788A560B22EB6B700009E2F7 /* HTTPCaptionImage.swift */,
				788A560D22EB6D700009E2F7 /* HTTPGetMemes.swift */,
			);
			path = Model;
			sourceTree = "<group>";
		};
		78A4373522EF8C4E00F84429 /* BoxFormView */ = {
			isa = PBXGroup;
			children = (
				78A4373C22EF921500F84429 /* BoxCell */,
				78A4373622EF8C9300F84429 /* BoxFormView.swift */,
				78A4373822EF8CDB00F84429 /* BoxFormView.xib */,
			);
			path = BoxFormView;
			sourceTree = "<group>";
		};
		78A4373C22EF921500F84429 /* BoxCell */ = {
			isa = PBXGroup;
			children = (
				78A4373A22EF8DBD00F84429 /* BoxCell.swift */,
				78A4373D22EF922200F84429 /* BoxCell.xib */,
			);
			path = BoxCell;
			sourceTree = "<group>";
		};
		78B680CB22EB7C4400347C34 /* Extensions */ = {
			isa = PBXGroup;
			children = (
				78B680CC22EB7C5800347C34 /* SwiftyBeaver.swift */,
				783F5E4922EB9A3000ECCDE9 /* UIViewController+LoadingView.swift */,
			);
			path = Extensions;
			sourceTree = "<group>";
		};
/* End PBXGroup section */

/* Begin PBXNativeTarget section */
		7800935022EA4278003857DD /* MemeGenerator */ = {
			isa = PBXNativeTarget;
			buildConfigurationList = 7800936322EA427B003857DD /* Build configuration list for PBXNativeTarget "MemeGenerator" */;
			buildPhases = (
				7800934D22EA4278003857DD /* Sources */,
				7800934E22EA4278003857DD /* Frameworks */,
				7800934F22EA4278003857DD /* Resources */,
				7882DA1522EB7648007632BE /* Embed Frameworks */,
			);
			buildRules = (
			);
			dependencies = (
			);
			name = MemeGenerator;
			productName = MemeGenerator;
			productReference = 7800935122EA4278003857DD /* MemeGenerator.app */;
			productType = "com.apple.product-type.application";
		};
/* End PBXNativeTarget section */

/* Begin PBXProject section */
		7800934922EA4278003857DD /* Project object */ = {
			isa = PBXProject;
			attributes = {
				LastSwiftUpdateCheck = 1010;
				LastUpgradeCheck = 1010;
				ORGANIZATIONNAME = "Igor Andruskiewitsch";
				TargetAttributes = {
					7800935022EA4278003857DD = {
						CreatedOnToolsVersion = 10.1;
					};
				};
			};
			buildConfigurationList = 7800934C22EA4278003857DD /* Build configuration list for PBXProject "MemeGenerator" */;
			compatibilityVersion = "Xcode 9.3";
			developmentRegion = en;
			hasScannedForEncodings = 0;
			knownRegions = (
				en,
				Base,
			);
			mainGroup = 7800934822EA4278003857DD;
			productRefGroup = 7800935222EA4278003857DD /* Products */;
			projectDirPath = "";
			projectRoot = "";
			targets = (
				7800935022EA4278003857DD /* MemeGenerator */,
			);
		};
/* End PBXProject section */

/* Begin PBXResourcesBuildPhase section */
		7800934F22EA4278003857DD /* Resources */ = {
			isa = PBXResourcesBuildPhase;
			buildActionMask = 2147483647;
			files = (
				78A4373922EF8CDB00F84429 /* BoxFormView.xib in Resources */,
				7800936B22EA43CB003857DD /* closeness in Resources */,
				78A4373E22EF922200F84429 /* BoxCell.xib in Resources */,
				7800935F22EA427B003857DD /* LaunchScreen.storyboard in Resources */,
				783F5E5922EBA0E200ECCDE9 /* loading.json in Resources */,
				7800935C22EA427B003857DD /* Assets.xcassets in Resources */,
				7800935A22EA4278003857DD /* Main.storyboard in Resources */,
				783F5E5622EB9DE700ECCDE9 /* LoadingView.xib in Resources */,
				784BA82422EDE3AA0010239C /* TemplateFormView.xib in Resources */,
			);
			runOnlyForDeploymentPostprocessing = 0;
		};
/* End PBXResourcesBuildPhase section */

/* Begin PBXSourcesBuildPhase section */
		7800934D22EA4278003857DD /* Sources */ = {
			isa = PBXSourcesBuildPhase;
			buildActionMask = 2147483647;
			files = (
				783F5E4A22EB9A3000ECCDE9 /* UIViewController+LoadingView.swift in Sources */,
				78A4373B22EF8DBD00F84429 /* BoxCell.swift in Sources */,
				788A560A22EB6A740009E2F7 /* MemeTemplate.swift in Sources */,
				784BA81D22ED38350010239C /* FormPresenter.swift in Sources */,
				78B680CD22EB7C5800347C34 /* SwiftyBeaver.swift in Sources */,
				783F5E5422EB9D6400ECCDE9 /* LoadingView.swift in Sources */,
				7882DA1722EB7687007632BE /* MemeService.swift in Sources */,
				784BA82222EDE3870010239C /* TemplateFormView.swift in Sources */,
				7800935722EA4278003857DD /* MenuViewController.swift in Sources */,
				78B680CA22EB775A00347C34 /* MemeServiceProtocol.swift in Sources */,
				7800935522EA4278003857DD /* AppDelegate.swift in Sources */,
				784BA82022EDE31D0010239C /* XibView.swift in Sources */,
				7800936D22EA47CB003857DD /* FormViewController.swift in Sources */,
				78A4373722EF8C9300F84429 /* BoxFormView.swift in Sources */,
				788A560C22EB6B700009E2F7 /* HTTPCaptionImage.swift in Sources */,
				788A560E22EB6D700009E2F7 /* HTTPGetMemes.swift in Sources */,
			);
			runOnlyForDeploymentPostprocessing = 0;
		};
/* End PBXSourcesBuildPhase section */

/* Begin PBXVariantGroup section */
		7800935822EA4278003857DD /* Main.storyboard */ = {
			isa = PBXVariantGroup;
			children = (
				7800935922EA4278003857DD /* Base */,
			);
			name = Main.storyboard;
			sourceTree = "<group>";
		};
		7800935D22EA427B003857DD /* LaunchScreen.storyboard */ = {
			isa = PBXVariantGroup;
			children = (
				7800935E22EA427B003857DD /* Base */,
			);
			name = LaunchScreen.storyboard;
			sourceTree = "<group>";
		};
/* End PBXVariantGroup section */

/* Begin XCBuildConfiguration section */
		7800936122EA427B003857DD /* Debug */ = {
			isa = XCBuildConfiguration;
			buildSettings = {
				ALWAYS_SEARCH_USER_PATHS = NO;
				CLANG_ANALYZER_NONNULL = YES;
				CLANG_ANALYZER_NUMBER_OBJECT_CONVERSION = YES_AGGRESSIVE;
				CLANG_CXX_LANGUAGE_STANDARD = "gnu++14";
				CLANG_CXX_LIBRARY = "libc++";
				CLANG_ENABLE_MODULES = YES;
				CLANG_ENABLE_OBJC_ARC = YES;
				CLANG_ENABLE_OBJC_WEAK = YES;
				CLANG_WARN_BLOCK_CAPTURE_AUTORELEASING = YES;
				CLANG_WARN_BOOL_CONVERSION = YES;
				CLANG_WARN_COMMA = YES;
				CLANG_WARN_CONSTANT_CONVERSION = YES;
				CLANG_WARN_DEPRECATED_OBJC_IMPLEMENTATIONS = YES;
				CLANG_WARN_DIRECT_OBJC_ISA_USAGE = YES_ERROR;
				CLANG_WARN_DOCUMENTATION_COMMENTS = YES;
				CLANG_WARN_EMPTY_BODY = YES;
				CLANG_WARN_ENUM_CONVERSION = YES;
				CLANG_WARN_INFINITE_RECURSION = YES;
				CLANG_WARN_INT_CONVERSION = YES;
				CLANG_WARN_NON_LITERAL_NULL_CONVERSION = YES;
				CLANG_WARN_OBJC_IMPLICIT_RETAIN_SELF = YES;
				CLANG_WARN_OBJC_LITERAL_CONVERSION = YES;
				CLANG_WARN_OBJC_ROOT_CLASS = YES_ERROR;
				CLANG_WARN_RANGE_LOOP_ANALYSIS = YES;
				CLANG_WARN_STRICT_PROTOTYPES = YES;
				CLANG_WARN_SUSPICIOUS_MOVE = YES;
				CLANG_WARN_UNGUARDED_AVAILABILITY = YES_AGGRESSIVE;
				CLANG_WARN_UNREACHABLE_CODE = YES;
				CLANG_WARN__DUPLICATE_METHOD_MATCH = YES;
				CODE_SIGN_IDENTITY = "iPhone Developer";
				COPY_PHASE_STRIP = NO;
				DEBUG_INFORMATION_FORMAT = dwarf;
				ENABLE_STRICT_OBJC_MSGSEND = YES;
				ENABLE_TESTABILITY = YES;
				GCC_C_LANGUAGE_STANDARD = gnu11;
				GCC_DYNAMIC_NO_PIC = NO;
				GCC_NO_COMMON_BLOCKS = YES;
				GCC_OPTIMIZATION_LEVEL = 0;
				GCC_PREPROCESSOR_DEFINITIONS = (
					"DEBUG=1",
					"$(inherited)",
				);
				GCC_WARN_64_TO_32_BIT_CONVERSION = YES;
				GCC_WARN_ABOUT_RETURN_TYPE = YES_ERROR;
				GCC_WARN_UNDECLARED_SELECTOR = YES;
				GCC_WARN_UNINITIALIZED_AUTOS = YES_AGGRESSIVE;
				GCC_WARN_UNUSED_FUNCTION = YES;
				GCC_WARN_UNUSED_VARIABLE = YES;
				IPHONEOS_DEPLOYMENT_TARGET = 12.1;
				MTL_ENABLE_DEBUG_INFO = INCLUDE_SOURCE;
				MTL_FAST_MATH = YES;
				ONLY_ACTIVE_ARCH = YES;
				SDKROOT = iphoneos;
				SWIFT_ACTIVE_COMPILATION_CONDITIONS = DEBUG;
				SWIFT_OPTIMIZATION_LEVEL = "-Onone";
			};
			name = Debug;
		};
		7800936222EA427B003857DD /* Release */ = {
			isa = XCBuildConfiguration;
			buildSettings = {
				ALWAYS_SEARCH_USER_PATHS = NO;
				CLANG_ANALYZER_NONNULL = YES;
				CLANG_ANALYZER_NUMBER_OBJECT_CONVERSION = YES_AGGRESSIVE;
				CLANG_CXX_LANGUAGE_STANDARD = "gnu++14";
				CLANG_CXX_LIBRARY = "libc++";
				CLANG_ENABLE_MODULES = YES;
				CLANG_ENABLE_OBJC_ARC = YES;
				CLANG_ENABLE_OBJC_WEAK = YES;
				CLANG_WARN_BLOCK_CAPTURE_AUTORELEASING = YES;
				CLANG_WARN_BOOL_CONVERSION = YES;
				CLANG_WARN_COMMA = YES;
				CLANG_WARN_CONSTANT_CONVERSION = YES;
				CLANG_WARN_DEPRECATED_OBJC_IMPLEMENTATIONS = YES;
				CLANG_WARN_DIRECT_OBJC_ISA_USAGE = YES_ERROR;
				CLANG_WARN_DOCUMENTATION_COMMENTS = YES;
				CLANG_WARN_EMPTY_BODY = YES;
				CLANG_WARN_ENUM_CONVERSION = YES;
				CLANG_WARN_INFINITE_RECURSION = YES;
				CLANG_WARN_INT_CONVERSION = YES;
				CLANG_WARN_NON_LITERAL_NULL_CONVERSION = YES;
				CLANG_WARN_OBJC_IMPLICIT_RETAIN_SELF = YES;
				CLANG_WARN_OBJC_LITERAL_CONVERSION = YES;
				CLANG_WARN_OBJC_ROOT_CLASS = YES_ERROR;
				CLANG_WARN_RANGE_LOOP_ANALYSIS = YES;
				CLANG_WARN_STRICT_PROTOTYPES = YES;
				CLANG_WARN_SUSPICIOUS_MOVE = YES;
				CLANG_WARN_UNGUARDED_AVAILABILITY = YES_AGGRESSIVE;
				CLANG_WARN_UNREACHABLE_CODE = YES;
				CLANG_WARN__DUPLICATE_METHOD_MATCH = YES;
				CODE_SIGN_IDENTITY = "iPhone Developer";
				COPY_PHASE_STRIP = NO;
				DEBUG_INFORMATION_FORMAT = "dwarf-with-dsym";
				ENABLE_NS_ASSERTIONS = NO;
				ENABLE_STRICT_OBJC_MSGSEND = YES;
				GCC_C_LANGUAGE_STANDARD = gnu11;
				GCC_NO_COMMON_BLOCKS = YES;
				GCC_WARN_64_TO_32_BIT_CONVERSION = YES;
				GCC_WARN_ABOUT_RETURN_TYPE = YES_ERROR;
				GCC_WARN_UNDECLARED_SELECTOR = YES;
				GCC_WARN_UNINITIALIZED_AUTOS = YES_AGGRESSIVE;
				GCC_WARN_UNUSED_FUNCTION = YES;
				GCC_WARN_UNUSED_VARIABLE = YES;
				IPHONEOS_DEPLOYMENT_TARGET = 12.1;
				MTL_ENABLE_DEBUG_INFO = NO;
				MTL_FAST_MATH = YES;
				SDKROOT = iphoneos;
				SWIFT_COMPILATION_MODE = wholemodule;
				SWIFT_OPTIMIZATION_LEVEL = "-O";
				VALIDATE_PRODUCT = YES;
			};
			name = Release;
		};
		7800936422EA427B003857DD /* Debug */ = {
			isa = XCBuildConfiguration;
			buildSettings = {
				ASSETCATALOG_COMPILER_APPICON_NAME = AppIcon;
				CODE_SIGN_STYLE = Automatic;
				DEVELOPMENT_TEAM = V67S6WRV9Z;
				FRAMEWORK_SEARCH_PATHS = (
					"$(inherited)",
					"$(PROJECT_DIR)/Carthage/Build/iOS",
				);
				INFOPLIST_FILE = MemeGenerator/Info.plist;
				LD_RUNPATH_SEARCH_PATHS = (
					"$(inherited)",
					"@executable_path/Frameworks",
				);
				PRODUCT_BUNDLE_IDENTIFIER = com.rusito.veintitres.MemeGenerator;
				PRODUCT_NAME = "$(TARGET_NAME)";
				SWIFT_VERSION = 4.2;
				TARGETED_DEVICE_FAMILY = "1,2";
			};
			name = Debug;
		};
		7800936522EA427B003857DD /* Release */ = {
			isa = XCBuildConfiguration;
			buildSettings = {
				ASSETCATALOG_COMPILER_APPICON_NAME = AppIcon;
				CODE_SIGN_STYLE = Automatic;
				DEVELOPMENT_TEAM = V67S6WRV9Z;
				FRAMEWORK_SEARCH_PATHS = (
					"$(inherited)",
					"$(PROJECT_DIR)/Carthage/Build/iOS",
				);
				INFOPLIST_FILE = MemeGenerator/Info.plist;
				LD_RUNPATH_SEARCH_PATHS = (
					"$(inherited)",
					"@executable_path/Frameworks",
				);
				PRODUCT_BUNDLE_IDENTIFIER = com.rusito.veintitres.MemeGenerator;
				PRODUCT_NAME = "$(TARGET_NAME)";
				SWIFT_VERSION = 4.2;
				TARGETED_DEVICE_FAMILY = "1,2";
			};
			name = Release;
		};
/* End XCBuildConfiguration section */

/* Begin XCConfigurationList section */
		7800934C22EA4278003857DD /* Build configuration list for PBXProject "MemeGenerator" */ = {
			isa = XCConfigurationList;
			buildConfigurations = (
				7800936122EA427B003857DD /* Debug */,
				7800936222EA427B003857DD /* Release */,
			);
			defaultConfigurationIsVisible = 0;
			defaultConfigurationName = Release;
		};
		7800936322EA427B003857DD /* Build configuration list for PBXNativeTarget "MemeGenerator" */ = {
			isa = XCConfigurationList;
			buildConfigurations = (
				7800936422EA427B003857DD /* Debug */,
				7800936522EA427B003857DD /* Release */,
			);
			defaultConfigurationIsVisible = 0;
			defaultConfigurationName = Release;
		};
/* End XCConfigurationList section */
	};
	rootObject = 7800934922EA4278003857DD /* Project object */;
}
